
Microsoft Visual Studio Solution File, Format Version 12.00
Project("{FAE04EC0-301F-11D3-BF4B-00C04F79EFBC}") = "MyForest", "MyForest\MyForest.csproj", "{6783D6E7-8ED0-4602-B185-04D62E172D4A}"
EndProject
Global
	GlobalSection(SolutionConfigurationPlatforms) = preSolution
		Debug|Any CPU = Debug|Any CPU
		Release|Any CPU = Release|Any CPU
	EndGlobalSection
	GlobalSection(ProjectConfigurationPlatforms) = postSolution
		{6783D6E7-8ED0-4602-B185-04D62E172D4A}.Debug|Any CPU.ActiveCfg = Debug|Any CPU
		{6783D6E7-8ED0-4602-B185-04D62E172D4A}.Debug|Any CPU.Build.0 = Debug|Any CPU
		{6783D6E7-8ED0-4602-B185-04D62E172D4A}.Release|Any CPU.ActiveCfg = Release|Any CPU
		{6783D6E7-8ED0-4602-B185-04D62E172D4A}.Release|Any CPU.Build.0 = Release|Any CPU
	EndGlobalSection
EndGlobal
